
Microsoft Visual Studio Solution File, Format Version 12.00
# Visual Studio Version 17
VisualStudioVersion = 17.3.32611.2
MinimumVisualStudioVersion = 10.0.40219.1
Project("{2150E333-8FDC-42A3-9474-1A3956D46DE8}") = "Solution Items", "Solution Items", "{F51F88BB-6417-4EE3-B8DC-C7C0A2FA1105}"
	ProjectSection(SolutionItems) = preProject
		.editorconfig = .editorconfig
		LICENSE.txt = LICENSE.txt
	EndProjectSection
EndProject
Project("{9A19103F-16F7-4668-BE54-9A1E7A4F7556}") = "Standardly.Infrastructure.Build", "Standardly.Infrastructure.Build\Standardly.Infrastructure.Build.csproj", "{FA0ACEEF-78C1-4827-9305-DC55F2D08324}"
EndProject
Project("{9A19103F-16F7-4668-BE54-9A1E7A4F7556}") = "Standardly", "Standardly\Standardly.csproj", "{213DCC4A-6F6D-4451-9F71-DCCB308856BF}"
EndProject
Global
	GlobalSection(SolutionConfigurationPlatforms) = preSolution
		Debug|Any CPU = Debug|Any CPU
		Debug|arm64 = Debug|arm64
		Debug|x86 = Debug|x86
		Release|Any CPU = Release|Any CPU
		Release|arm64 = Release|arm64
		Release|x86 = Release|x86
	EndGlobalSection
	GlobalSection(ProjectConfigurationPlatforms) = postSolution
		{FA0ACEEF-78C1-4827-9305-DC55F2D08324}.Debug|Any CPU.ActiveCfg = Debug|Any CPU
		{FA0ACEEF-78C1-4827-9305-DC55F2D08324}.Debug|Any CPU.Build.0 = Debug|Any CPU
		{FA0ACEEF-78C1-4827-9305-DC55F2D08324}.Debug|arm64.ActiveCfg = Debug|Any CPU
		{FA0ACEEF-78C1-4827-9305-DC55F2D08324}.Debug|arm64.Build.0 = Debug|Any CPU
		{FA0ACEEF-78C1-4827-9305-DC55F2D08324}.Debug|x86.ActiveCfg = Debug|Any CPU
		{FA0ACEEF-78C1-4827-9305-DC55F2D08324}.Debug|x86.Build.0 = Debug|Any CPU
		{FA0ACEEF-78C1-4827-9305-DC55F2D08324}.Release|Any CPU.ActiveCfg = Release|Any CPU
		{FA0ACEEF-78C1-4827-9305-DC55F2D08324}.Release|Any CPU.Build.0 = Release|Any CPU
		{FA0ACEEF-78C1-4827-9305-DC55F2D08324}.Release|arm64.ActiveCfg = Release|Any CPU
		{FA0ACEEF-78C1-4827-9305-DC55F2D08324}.Release|arm64.Build.0 = Release|Any CPU
		{FA0ACEEF-78C1-4827-9305-DC55F2D08324}.Release|x86.ActiveCfg = Release|Any CPU
		{FA0ACEEF-78C1-4827-9305-DC55F2D08324}.Release|x86.Build.0 = Release|Any CPU
		{213DCC4A-6F6D-4451-9F71-DCCB308856BF}.Debug|Any CPU.ActiveCfg = Debug|Any CPU
		{213DCC4A-6F6D-4451-9F71-DCCB308856BF}.Debug|Any CPU.Build.0 = Debug|Any CPU
		{213DCC4A-6F6D-4451-9F71-DCCB308856BF}.Debug|arm64.ActiveCfg = Debug|Any CPU
		{213DCC4A-6F6D-4451-9F71-DCCB308856BF}.Debug|arm64.Build.0 = Debug|Any CPU
		{213DCC4A-6F6D-4451-9F71-DCCB308856BF}.Debug|x86.ActiveCfg = Debug|Any CPU
		{213DCC4A-6F6D-4451-9F71-DCCB308856BF}.Debug|x86.Build.0 = Debug|Any CPU
		{213DCC4A-6F6D-4451-9F71-DCCB308856BF}.Release|Any CPU.ActiveCfg = Release|Any CPU
		{213DCC4A-6F6D-4451-9F71-DCCB308856BF}.Release|Any CPU.Build.0 = Release|Any CPU
		{213DCC4A-6F6D-4451-9F71-DCCB308856BF}.Release|arm64.ActiveCfg = Release|Any CPU
		{213DCC4A-6F6D-4451-9F71-DCCB308856BF}.Release|arm64.Build.0 = Release|Any CPU
		{213DCC4A-6F6D-4451-9F71-DCCB308856BF}.Release|x86.ActiveCfg = Release|Any CPU
		{213DCC4A-6F6D-4451-9F71-DCCB308856BF}.Release|x86.Build.0 = Release|Any CPU
	EndGlobalSection
	GlobalSection(SolutionProperties) = preSolution
		HideSolutionNode = FALSE
	EndGlobalSection
	GlobalSection(ExtensibilityGlobals) = postSolution
		SolutionGuid = {3A782592-2A79-41C3-B426-63BD9DD537B8}
	EndGlobalSection
EndGlobal
