
Microsoft Visual Studio Solution File, Format Version 12.00
# Visual Studio Version 17
VisualStudioVersion = 17.3.32611.2
MinimumVisualStudioVersion = 10.0.40219.1
Project("{FAE04EC0-301F-11D3-BF4B-00C04F79EFBC}") = "Standardly", "Standardly\Standardly.csproj", "{183F1141-E4E3-4892-9F30-004843D72F8F}"
EndProject
Project("{2150E333-8FDC-42A3-9474-1A3956D46DE8}") = "Solution Items", "Solution Items", "{F51F88BB-6417-4EE3-B8DC-C7C0A2FA1105}"
	ProjectSection(SolutionItems) = preProject
		.editorconfig = .editorconfig
		LICENSE.txt = LICENSE.txt
	EndProjectSection
EndProject
Project("{9A19103F-16F7-4668-BE54-9A1E7A4F7556}") = "Standardly.Core", "Standardly.Core\Standardly.Core.csproj", "{D58DFEEC-B08A-40C2-8D2D-FA5EB9993767}"
EndProject
Project("{9A19103F-16F7-4668-BE54-9A1E7A4F7556}") = "Standardly.Core.Tests.Acceptance", "Standardly.Core.Tests.Acceptance\Standardly.Core.Tests.Acceptance.csproj", "{91E9431C-55E4-4589-8697-E874776439B3}"
EndProject
Project("{9A19103F-16F7-4668-BE54-9A1E7A4F7556}") = "Standardly.Core.Tests.Unit", "Standardly.Core.Tests.Unit\Standardly.Core.Tests.Unit.csproj", "{3A2ECA6D-467F-41C1-9C3D-AE9248E571BC}"
EndProject
Project("{9A19103F-16F7-4668-BE54-9A1E7A4F7556}") = "Xeption", "Xeption\Xeption.csproj", "{E3FC297A-5013-4904-BCE4-0C030270E293}"
EndProject
Project("{FAE04EC0-301F-11D3-BF4B-00C04F79EFBC}") = "Standardly.Templating", "Standardly.Templating\Standardly.Templating.csproj", "{32A3445D-B5ED-4B5C-9CF8-CB98169647C0}"
EndProject
Project("{FAE04EC0-301F-11D3-BF4B-00C04F79EFBC}") = "Standardly.Templating.Tests.Acceptance", "Standardly.Templating.Tests.Acceptance\Standardly.Templating.Tests.Acceptance.csproj", "{411F1B0F-50FF-43FF-8DDE-909F116091F3}"
EndProject
Global
	GlobalSection(SolutionConfigurationPlatforms) = preSolution
		Debug|Any CPU = Debug|Any CPU
		Debug|x86 = Debug|x86
		Release|Any CPU = Release|Any CPU
		Release|x86 = Release|x86
	EndGlobalSection
	GlobalSection(ProjectConfigurationPlatforms) = postSolution
		{183F1141-E4E3-4892-9F30-004843D72F8F}.Debug|Any CPU.ActiveCfg = Debug|Any CPU
		{183F1141-E4E3-4892-9F30-004843D72F8F}.Debug|Any CPU.Build.0 = Debug|Any CPU
		{183F1141-E4E3-4892-9F30-004843D72F8F}.Debug|x86.ActiveCfg = Debug|x86
		{183F1141-E4E3-4892-9F30-004843D72F8F}.Debug|x86.Build.0 = Debug|x86
		{183F1141-E4E3-4892-9F30-004843D72F8F}.Release|Any CPU.ActiveCfg = Release|Any CPU
		{183F1141-E4E3-4892-9F30-004843D72F8F}.Release|Any CPU.Build.0 = Release|Any CPU
		{183F1141-E4E3-4892-9F30-004843D72F8F}.Release|x86.ActiveCfg = Release|x86
		{183F1141-E4E3-4892-9F30-004843D72F8F}.Release|x86.Build.0 = Release|x86
		{D58DFEEC-B08A-40C2-8D2D-FA5EB9993767}.Debug|Any CPU.ActiveCfg = Debug|Any CPU
		{D58DFEEC-B08A-40C2-8D2D-FA5EB9993767}.Debug|Any CPU.Build.0 = Debug|Any CPU
		{D58DFEEC-B08A-40C2-8D2D-FA5EB9993767}.Debug|x86.ActiveCfg = Debug|Any CPU
		{D58DFEEC-B08A-40C2-8D2D-FA5EB9993767}.Debug|x86.Build.0 = Debug|Any CPU
		{D58DFEEC-B08A-40C2-8D2D-FA5EB9993767}.Release|Any CPU.ActiveCfg = Release|Any CPU
		{D58DFEEC-B08A-40C2-8D2D-FA5EB9993767}.Release|Any CPU.Build.0 = Release|Any CPU
		{D58DFEEC-B08A-40C2-8D2D-FA5EB9993767}.Release|x86.ActiveCfg = Release|Any CPU
		{D58DFEEC-B08A-40C2-8D2D-FA5EB9993767}.Release|x86.Build.0 = Release|Any CPU
		{91E9431C-55E4-4589-8697-E874776439B3}.Debug|Any CPU.ActiveCfg = Debug|Any CPU
		{91E9431C-55E4-4589-8697-E874776439B3}.Debug|Any CPU.Build.0 = Debug|Any CPU
		{91E9431C-55E4-4589-8697-E874776439B3}.Debug|x86.ActiveCfg = Debug|Any CPU
		{91E9431C-55E4-4589-8697-E874776439B3}.Debug|x86.Build.0 = Debug|Any CPU
		{91E9431C-55E4-4589-8697-E874776439B3}.Release|Any CPU.ActiveCfg = Release|Any CPU
		{91E9431C-55E4-4589-8697-E874776439B3}.Release|Any CPU.Build.0 = Release|Any CPU
		{91E9431C-55E4-4589-8697-E874776439B3}.Release|x86.ActiveCfg = Release|Any CPU
		{91E9431C-55E4-4589-8697-E874776439B3}.Release|x86.Build.0 = Release|Any CPU
		{3A2ECA6D-467F-41C1-9C3D-AE9248E571BC}.Debug|Any CPU.ActiveCfg = Debug|Any CPU
		{3A2ECA6D-467F-41C1-9C3D-AE9248E571BC}.Debug|Any CPU.Build.0 = Debug|Any CPU
		{3A2ECA6D-467F-41C1-9C3D-AE9248E571BC}.Debug|x86.ActiveCfg = Debug|Any CPU
		{3A2ECA6D-467F-41C1-9C3D-AE9248E571BC}.Debug|x86.Build.0 = Debug|Any CPU
		{3A2ECA6D-467F-41C1-9C3D-AE9248E571BC}.Release|Any CPU.ActiveCfg = Release|Any CPU
		{3A2ECA6D-467F-41C1-9C3D-AE9248E571BC}.Release|Any CPU.Build.0 = Release|Any CPU
		{3A2ECA6D-467F-41C1-9C3D-AE9248E571BC}.Release|x86.ActiveCfg = Release|Any CPU
		{3A2ECA6D-467F-41C1-9C3D-AE9248E571BC}.Release|x86.Build.0 = Release|Any CPU
		{E3FC297A-5013-4904-BCE4-0C030270E293}.Debug|Any CPU.ActiveCfg = Debug|Any CPU
		{E3FC297A-5013-4904-BCE4-0C030270E293}.Debug|Any CPU.Build.0 = Debug|Any CPU
		{E3FC297A-5013-4904-BCE4-0C030270E293}.Debug|x86.ActiveCfg = Debug|Any CPU
		{E3FC297A-5013-4904-BCE4-0C030270E293}.Debug|x86.Build.0 = Debug|Any CPU
		{E3FC297A-5013-4904-BCE4-0C030270E293}.Release|Any CPU.ActiveCfg = Release|Any CPU
		{E3FC297A-5013-4904-BCE4-0C030270E293}.Release|Any CPU.Build.0 = Release|Any CPU
		{E3FC297A-5013-4904-BCE4-0C030270E293}.Release|x86.ActiveCfg = Release|Any CPU
		{E3FC297A-5013-4904-BCE4-0C030270E293}.Release|x86.Build.0 = Release|Any CPU
		{32A3445D-B5ED-4B5C-9CF8-CB98169647C0}.Debug|Any CPU.ActiveCfg = Debug|Any CPU
		{32A3445D-B5ED-4B5C-9CF8-CB98169647C0}.Debug|Any CPU.Build.0 = Debug|Any CPU
		{32A3445D-B5ED-4B5C-9CF8-CB98169647C0}.Debug|x86.ActiveCfg = Debug|Any CPU
		{32A3445D-B5ED-4B5C-9CF8-CB98169647C0}.Debug|x86.Build.0 = Debug|Any CPU
		{32A3445D-B5ED-4B5C-9CF8-CB98169647C0}.Release|Any CPU.ActiveCfg = Release|Any CPU
		{32A3445D-B5ED-4B5C-9CF8-CB98169647C0}.Release|Any CPU.Build.0 = Release|Any CPU
		{32A3445D-B5ED-4B5C-9CF8-CB98169647C0}.Release|x86.ActiveCfg = Release|Any CPU
		{32A3445D-B5ED-4B5C-9CF8-CB98169647C0}.Release|x86.Build.0 = Release|Any CPU
		{411F1B0F-50FF-43FF-8DDE-909F116091F3}.Debug|Any CPU.ActiveCfg = Debug|Any CPU
		{411F1B0F-50FF-43FF-8DDE-909F116091F3}.Debug|Any CPU.Build.0 = Debug|Any CPU
		{411F1B0F-50FF-43FF-8DDE-909F116091F3}.Debug|x86.ActiveCfg = Debug|Any CPU
		{411F1B0F-50FF-43FF-8DDE-909F116091F3}.Debug|x86.Build.0 = Debug|Any CPU
		{411F1B0F-50FF-43FF-8DDE-909F116091F3}.Release|Any CPU.ActiveCfg = Release|Any CPU
		{411F1B0F-50FF-43FF-8DDE-909F116091F3}.Release|Any CPU.Build.0 = Release|Any CPU
		{411F1B0F-50FF-43FF-8DDE-909F116091F3}.Release|x86.ActiveCfg = Release|Any CPU
		{411F1B0F-50FF-43FF-8DDE-909F116091F3}.Release|x86.Build.0 = Release|Any CPU
	EndGlobalSection
	GlobalSection(SolutionProperties) = preSolution
		HideSolutionNode = FALSE
	EndGlobalSection
	GlobalSection(ExtensibilityGlobals) = postSolution
		SolutionGuid = {3A782592-2A79-41C3-B426-63BD9DD537B8}
	EndGlobalSection
EndGlobal
